GEM
  remote: https://rubygems.org/
  specs:
    ansi (1.5.0)
    base64 (0.3.0)
    bcrypt_pbkdf (1.1.1)
    ed25519 (1.4.0)
    hashie (5.0.0)
    hocho (0.3.8)
      hashie
      itamae
      net-ssh (>= 4.1.0)
      thor
    itamae (1.14.1)
      ansi
      hashie
      schash (~> 0.1.0)
      specinfra (>= 2.64.0, < 3.0.0)
      thor (>= 1.0.0)
    net-scp (4.1.0)
      net-ssh (>= 2.6.5, < 8.0.0)
    net-ssh (7.3.0)
    net-telnet (0.2.0)
    nkf (0.2.0)
    power_assert (2.0.5)
    rake (13.3.0)
    schash (0.1.2)
    sfl (2.3)
    specinfra (2.94.1)
      base64
      net-scp
      net-ssh (>= 2.7)
      net-telnet
      sfl
    test-unit (3.7.0)
      power_assert
    thor (1.4.0)

PLATFORMS
  ruby

DEPENDENCIES
  bcrypt_pbkdf
  ed25519
  hocho
  nkf
  rake
  test-unit

BUNDLED WITH
   2.7.0
